
Microsoft Visual Studio Solution File, Format Version 12.00
# Visual Studio 2017
Project("{FAE04EC0-301F-11D3-BF4B-00C04F79EFBC}") = "New-Unity-Project", "New-Unity-Project.csproj", "{8CE2503B-19AB-EF80-7A2B-F6821F547562}"
EndProject
Project("{FAE04EC0-301F-11D3-BF4B-00C04F79EFBC}") = "New-Unity-Project.Editor", "New-Unity-Project.Editor.csproj", "{D135F8C9-E8F2-26C9-AB6C-4D6C873201EA}"
EndProject
Global
	GlobalSection(SolutionConfigurationPlatforms) = preSolution
		Debug|Any CPU = Debug|Any CPU
		Release|Any CPU = Release|Any CPU
	EndGlobalSection
	GlobalSection(ProjectConfigurationPlatforms) = postSolution
		{8CE2503B-19AB-EF80-7A2B-F6821F547562}.Debug|Any CPU.ActiveCfg = Debug|Any CPU
		{8CE2503B-19AB-EF80-7A2B-F6821F547562}.Debug|Any CPU.Build.0 = Debug|Any CPU
		{8CE2503B-19AB-EF80-7A2B-F6821F547562}.Release|Any CPU.ActiveCfg = Release|Any CPU
		{8CE2503B-19AB-EF80-7A2B-F6821F547562}.Release|Any CPU.Build.0 = Release|Any CPU
		{D135F8C9-E8F2-26C9-AB6C-4D6C873201EA}.Debug|Any CPU.ActiveCfg = Debug|Any CPU
		{D135F8C9-E8F2-26C9-AB6C-4D6C873201EA}.Debug|Any CPU.Build.0 = Debug|Any CPU
		{D135F8C9-E8F2-26C9-AB6C-4D6C873201EA}.Release|Any CPU.ActiveCfg = Release|Any CPU
		{D135F8C9-E8F2-26C9-AB6C-4D6C873201EA}.Release|Any CPU.Build.0 = Release|Any CPU
	EndGlobalSection
	GlobalSection(SolutionProperties) = preSolution
		HideSolutionNode = FALSE
	EndGlobalSection
EndGlobal
